<?xml version="1.0" encoding="utf-8"?>
<Project ToolsVersion="4.0" xmlns="http://schemas.microsoft.com/developer/msbuild/2003">
  <ItemGroup>
    <ClCompile Include="renderer\glad.c">
      <Filter>renderer</Filter>
    </ClCompile>
    <ClCompile Include="core\HcInput.cpp">
      <Filter>core</Filter>
    </ClCompile>
    <ClCompile Include="core\HcWin32Window.cpp">
      <Filter>core</Filter>
    </ClCompile>
  </ItemGroup>
  <ItemGroup>
    <ClInclude Include="math\Vec3.h">
      <Filter>math</Filter>
    </ClInclude>
    <ClInclude Include="core\Defines.h">
      <Filter>core</Filter>
    </ClInclude>
    <ClInclude Include="core\HcInput.h">
      <Filter>core</Filter>
    </ClInclude>
    <ClInclude Include="core\HcArray.h">
      <Filter>core</Filter>
    </ClInclude>
    <ClInclude Include="core\HcWin32Window.h">
      <Filter>core</Filter>
    </ClInclude>
  </ItemGroup>
  <ItemGroup>
    <Filter Include="math">
      <UniqueIdentifier>{f76dba8f-2fb4-4fc0-8785-e683f46e0f1e}</UniqueIdentifier>
    </Filter>
    <Filter Include="core">
      <UniqueIdentifier>{faa017be-c72c-4744-8103-1a3c800178ec}</UniqueIdentifier>
    </Filter>
    <Filter Include="renderer">
      <UniqueIdentifier>{c58ea176-18df-43bb-b6f3-13435eba726d}</UniqueIdentifier>
    </Filter>
  </ItemGroup>
</Project>